
Microsoft Visual Studio Solution File, Format Version 12.00
# Visual Studio Version 16
VisualStudioVersion = 16.0.29503.13
MinimumVisualStudioVersion = 10.0.40219.1
Project("{FAE04EC0-301F-11D3-BF4B-00C04F79EFBC}") = "github01", "github01\github01.csproj", "{FB8DCB54-F442-4886-BB47-5B43C4158BB7}"
EndProject
Global
	GlobalSection(SolutionConfigurationPlatforms) = preSolution
		Debug|Any CPU = Debug|Any CPU
		Release|Any CPU = Release|Any CPU
	EndGlobalSection
	GlobalSection(ProjectConfigurationPlatforms) = postSolution
		{FB8DCB54-F442-4886-BB47-5B43C4158BB7}.Debug|Any CPU.ActiveCfg = Debug|Any CPU
		{FB8DCB54-F442-4886-BB47-5B43C4158BB7}.Debug|Any CPU.Build.0 = Debug|Any CPU
		{FB8DCB54-F442-4886-BB47-5B43C4158BB7}.Release|Any CPU.ActiveCfg = Release|Any CPU
		{FB8DCB54-F442-4886-BB47-5B43C4158BB7}.Release|Any CPU.Build.0 = Release|Any CPU
	EndGlobalSection
	GlobalSection(SolutionProperties) = preSolution
		HideSolutionNode = FALSE
	EndGlobalSection
	GlobalSection(ExtensibilityGlobals) = postSolution
		SolutionGuid = {87264EEF-237A-4DB4-9134-300B4F82B64E}
	EndGlobalSection
EndGlobal
